
Microsoft Visual Studio Solution File, Format Version 12.00
# Visual Studio 15
VisualStudioVersion = 15.0.28307.757
MinimumVisualStudioVersion = 10.0.40219.1
Project("{9A19103F-16F7-4668-BE54-9A1E7A4F7556}") = "SignalRChat", "SignalRChat\SignalRChat.csproj", "{ADA5E26C-C907-4821-B001-CF1C25BC8875}"
EndProject
Project("{FAE04EC0-301F-11D3-BF4B-00C04F79EFBC}") = "RabbitMQ", "RabbitMQ\RabbitMQ.csproj", "{CFEC9226-6822-48D0-9BB2-289EC1C9277A}"
EndProject
Global
	GlobalSection(SolutionConfigurationPlatforms) = preSolution
		Debug|Any CPU = Debug|Any CPU
		Release|Any CPU = Release|Any CPU
	EndGlobalSection
	GlobalSection(ProjectConfigurationPlatforms) = postSolution
		{ADA5E26C-C907-4821-B001-CF1C25BC8875}.Debug|Any CPU.ActiveCfg = Debug|Any CPU
		{ADA5E26C-C907-4821-B001-CF1C25BC8875}.Debug|Any CPU.Build.0 = Debug|Any CPU
		{ADA5E26C-C907-4821-B001-CF1C25BC8875}.Release|Any CPU.ActiveCfg = Release|Any CPU
		{ADA5E26C-C907-4821-B001-CF1C25BC8875}.Release|Any CPU.Build.0 = Release|Any CPU
		{CFEC9226-6822-48D0-9BB2-289EC1C9277A}.Debug|Any CPU.ActiveCfg = Debug|Any CPU
		{CFEC9226-6822-48D0-9BB2-289EC1C9277A}.Debug|Any CPU.Build.0 = Debug|Any CPU
		{CFEC9226-6822-48D0-9BB2-289EC1C9277A}.Release|Any CPU.ActiveCfg = Release|Any CPU
		{CFEC9226-6822-48D0-9BB2-289EC1C9277A}.Release|Any CPU.Build.0 = Release|Any CPU
	EndGlobalSection
	GlobalSection(SolutionProperties) = preSolution
		HideSolutionNode = FALSE
	EndGlobalSection
	GlobalSection(ExtensibilityGlobals) = postSolution
		SolutionGuid = {AB90DCF0-88C9-4522-B73E-EF6ACEA5EE29}
	EndGlobalSection
EndGlobal
